// !$*UTF8*$!
{
	archiveVersion = 1;
	classes = {
	};
	objectVersion = 55;
	objects = {

/* Begin PBXBuildFile section */
		3C6901DD27102DC200BF3C1C /* Rubik-LightItalic.ttf in Resources */ = {isa = PBXBuildFile; fileRef = 3C6901CF27102DC100BF3C1C /* Rubik-LightItalic.ttf */; };
		3C6901DE27102DC200BF3C1C /* Rubik-Black.ttf in Resources */ = {isa = PBXBuildFile; fileRef = 3C6901D027102DC100BF3C1C /* Rubik-Black.ttf */; };
		3C6901DF27102DC200BF3C1C /* Rubik-Regular.ttf in Resources */ = {isa = PBXBuildFile; fileRef = 3C6901D127102DC100BF3C1C /* Rubik-Regular.ttf */; };
		3C6901E027102DC200BF3C1C /* Rubik-SemiBold.ttf in Resources */ = {isa = PBXBuildFile; fileRef = 3C6901D227102DC100BF3C1C /* Rubik-SemiBold.ttf */; };
		3C6901E127102DC200BF3C1C /* Rubik-ExtraBoldItalic.ttf in Resources */ = {isa = PBXBuildFile; fileRef = 3C6901D327102DC100BF3C1C /* Rubik-ExtraBoldItalic.ttf */; };
		3C6901E227102DC200BF3C1C /* Rubik-Italic.ttf in Resources */ = {isa = PBXBuildFile; fileRef = 3C6901D427102DC100BF3C1C /* Rubik-Italic.ttf */; };
		3C6901E327102DC200BF3C1C /* Rubik-MediumItalic.ttf in Resources */ = {isa = PBXBuildFile; fileRef = 3C6901D527102DC100BF3C1C /* Rubik-MediumItalic.ttf */; };
		3C6901E427102DC200BF3C1C /* Rubik-BlackItalic.ttf in Resources */ = {isa = PBXBuildFile; fileRef = 3C6901D627102DC100BF3C1C /* Rubik-BlackItalic.ttf */; };
		3C6901E527102DC200BF3C1C /* Rubik-ExtraBold.ttf in Resources */ = {isa = PBXBuildFile; fileRef = 3C6901D727102DC200BF3C1C /* Rubik-ExtraBold.ttf */; };
		3C6901E627102DC200BF3C1C /* Rubik-Light.ttf in Resources */ = {isa = PBXBuildFile; fileRef = 3C6901D827102DC200BF3C1C /* Rubik-Light.ttf */; };
		3C6901E727102DC200BF3C1C /* Rubik-SemiBoldItalic.ttf in Resources */ = {isa = PBXBuildFile; fileRef = 3C6901D927102DC200BF3C1C /* Rubik-SemiBoldItalic.ttf */; };
		3C6901E827102DC200BF3C1C /* Rubik-Bold.ttf in Resources */ = {isa = PBXBuildFile; fileRef = 3C6901DA27102DC200BF3C1C /* Rubik-Bold.ttf */; };
		3C6901E927102DC200BF3C1C /* Rubik-BoldItalic.ttf in Resources */ = {isa = PBXBuildFile; fileRef = 3C6901DB27102DC200BF3C1C /* Rubik-BoldItalic.ttf */; };
		3C6901EA27102DC200BF3C1C /* Rubik-Medium.ttf in Resources */ = {isa = PBXBuildFile; fileRef = 3C6901DC27102DC200BF3C1C /* Rubik-Medium.ttf */; };
		3C6901EC2710345100BF3C1C /* RestaurantDetailHeaderView.swift in Sources */ = {isa = PBXBuildFile; fileRef = 3C6901EB2710345100BF3C1C /* RestaurantDetailHeaderView.swift */; };
		3C6901EE2710394100BF3C1C /* RestaurantDetailIconTextCell.swift in Sources */ = {isa = PBXBuildFile; fileRef = 3C6901ED2710394100BF3C1C /* RestaurantDetailIconTextCell.swift */; };
		3C6901F0271039C900BF3C1C /* RestaurantDetailTextCell.swift in Sources */ = {isa = PBXBuildFile; fileRef = 3C6901EF271039C900BF3C1C /* RestaurantDetailTextCell.swift */; };
		3C6901F52710478A00BF3C1C /* UIColor+Ext.swift in Sources */ = {isa = PBXBuildFile; fileRef = 3C6901F42710478A00BF3C1C /* UIColor+Ext.swift */; };
		3C6901F7271048ED00BF3C1C /* UINavigationController+Ext.swift in Sources */ = {isa = PBXBuildFile; fileRef = 3C6901F6271048ED00BF3C1C /* UINavigationController+Ext.swift */; };
		7159331B270C625400C4790F /* AppDelegate.swift in Sources */ = {isa = PBXBuildFile; fileRef = 7159331A270C625400C4790F /* AppDelegate.swift */; };
		7159331D270C625400C4790F /* SceneDelegate.swift in Sources */ = {isa = PBXBuildFile; fileRef = 7159331C270C625400C4790F /* SceneDelegate.swift */; };
		71593322270C625400C4790F /* Main.storyboard in Resources */ = {isa = PBXBuildFile; fileRef = 71593320270C625400C4790F /* Main.storyboard */; };
		71593324270C625700C4790F /* Assets.xcassets in Resources */ = {isa = PBXBuildFile; fileRef = 71593323270C625700C4790F /* Assets.xcassets */; };
		71593327270C625700C4790F /* LaunchScreen.storyboard in Resources */ = {isa = PBXBuildFile; fileRef = 71593325270C625700C4790F /* LaunchScreen.storyboard */; };
		71593332270C625700C4790F /* FoodPinTests.swift in Sources */ = {isa = PBXBuildFile; fileRef = 71593331270C625700C4790F /* FoodPinTests.swift */; };
		7159333C270C625700C4790F /* FoodPinUITests.swift in Sources */ = {isa = PBXBuildFile; fileRef = 7159333B270C625700C4790F /* FoodPinUITests.swift */; };
		7159333E270C625700C4790F /* FoodPinUITestsLaunchTests.swift in Sources */ = {isa = PBXBuildFile; fileRef = 7159333D270C625700C4790F /* FoodPinUITestsLaunchTests.swift */; };
		7159334B270C630E00C4790F /* RestaurantTableViewController.swift in Sources */ = {isa = PBXBuildFile; fileRef = 7159334A270C630E00C4790F /* RestaurantTableViewController.swift */; };
		7159334D270C675700C4790F /* RestauranTableViewCell.swift in Sources */ = {isa = PBXBuildFile; fileRef = 7159334C270C675700C4790F /* RestauranTableViewCell.swift */; };
		7159334F270EE2D100C4790F /* RestaurantDetailViewController.swift in Sources */ = {isa = PBXBuildFile; fileRef = 7159334E270EE2D100C4790F /* RestaurantDetailViewController.swift */; };
		71593351270EE63900C4790F /* Restaurant.swift in Sources */ = {isa = PBXBuildFile; fileRef = 71593350270EE63900C4790F /* Restaurant.swift */; };
/* End PBXBuildFile section */

/* Begin PBXContainerItemProxy section */
		7159332E270C625700C4790F /* PBXContainerItemProxy */ = {
			isa = PBXContainerItemProxy;
			containerPortal = 7159330F270C625400C4790F /* Project object */;
			proxyType = 1;
			remoteGlobalIDString = 71593316270C625400C4790F;
			remoteInfo = FoodPin;
		};
		71593338270C625700C4790F /* PBXContainerItemProxy */ = {
			isa = PBXContainerItemProxy;
			containerPortal = 7159330F270C625400C4790F /* Project object */;
			proxyType = 1;
			remoteGlobalIDString = 71593316270C625400C4790F;
			remoteInfo = FoodPin;
		};
/* End PBXContainerItemProxy section */

/* Begin PBXFileReference section */
		3C6901CF27102DC100BF3C1C /* Rubik-LightItalic.ttf */ = {isa = PBXFileReference; lastKnownFileType = file; path = "Rubik-LightItalic.ttf"; sourceTree = "<group>"; };
		3C6901D027102DC100BF3C1C /* Rubik-Black.ttf */ = {isa = PBXFileReference; lastKnownFileType = file; path = "Rubik-Black.ttf"; sourceTree = "<group>"; };
		3C6901D127102DC100BF3C1C /* Rubik-Regular.ttf */ = {isa = PBXFileReference; lastKnownFileType = file; path = "Rubik-Regular.ttf"; sourceTree = "<group>"; };
		3C6901D227102DC100BF3C1C /* Rubik-SemiBold.ttf */ = {isa = PBXFileReference; lastKnownFileType = file; path = "Rubik-SemiBold.ttf"; sourceTree = "<group>"; };
		3C6901D327102DC100BF3C1C /* Rubik-ExtraBoldItalic.ttf */ = {isa = PBXFileReference; lastKnownFileType = file; path = "Rubik-ExtraBoldItalic.ttf"; sourceTree = "<group>"; };
		3C6901D427102DC100BF3C1C /* Rubik-Italic.ttf */ = {isa = PBXFileReference; lastKnownFileType = file; path = "Rubik-Italic.ttf"; sourceTree = "<group>"; };
		3C6901D527102DC100BF3C1C /* Rubik-MediumItalic.ttf */ = {isa = PBXFileReference; lastKnownFileType = file; path = "Rubik-MediumItalic.ttf"; sourceTree = "<group>"; };
		3C6901D627102DC100BF3C1C /* Rubik-BlackItalic.ttf */ = {isa = PBXFileReference; lastKnownFileType = file; path = "Rubik-BlackItalic.ttf"; sourceTree = "<group>"; };
		3C6901D727102DC200BF3C1C /* Rubik-ExtraBold.ttf */ = {isa = PBXFileReference; lastKnownFileType = file; path = "Rubik-ExtraBold.ttf"; sourceTree = "<group>"; };
		3C6901D827102DC200BF3C1C /* Rubik-Light.ttf */ = {isa = PBXFileReference; lastKnownFileType = file; path = "Rubik-Light.ttf"; sourceTree = "<group>"; };
		3C6901D927102DC200BF3C1C /* Rubik-SemiBoldItalic.ttf */ = {isa = PBXFileReference; lastKnownFileType = file; path = "Rubik-SemiBoldItalic.ttf"; sourceTree = "<group>"; };
		3C6901DA27102DC200BF3C1C /* Rubik-Bold.ttf */ = {isa = PBXFileReference; lastKnownFileType = file; path = "Rubik-Bold.ttf"; sourceTree = "<group>"; };
		3C6901DB27102DC200BF3C1C /* Rubik-BoldItalic.ttf */ = {isa = PBXFileReference; lastKnownFileType = file; path = "Rubik-BoldItalic.ttf"; sourceTree = "<group>"; };
		3C6901DC27102DC200BF3C1C /* Rubik-Medium.ttf */ = {isa = PBXFileReference; lastKnownFileType = file; path = "Rubik-Medium.ttf"; sourceTree = "<group>"; };
		3C6901EB2710345100BF3C1C /* RestaurantDetailHeaderView.swift */ = {isa = PBXFileReference; lastKnownFileType = sourcecode.swift; path = RestaurantDetailHeaderView.swift; sourceTree = "<group>"; };
		3C6901ED2710394100BF3C1C /* RestaurantDetailIconTextCell.swift */ = {isa = PBXFileReference; lastKnownFileType = sourcecode.swift; path = RestaurantDetailIconTextCell.swift; sourceTree = "<group>"; };
		3C6901EF271039C900BF3C1C /* RestaurantDetailTextCell.swift */ = {isa = PBXFileReference; lastKnownFileType = sourcecode.swift; path = RestaurantDetailTextCell.swift; sourceTree = "<group>"; };
		3C6901F42710478A00BF3C1C /* UIColor+Ext.swift */ = {isa = PBXFileReference; lastKnownFileType = sourcecode.swift; path = "UIColor+Ext.swift"; sourceTree = "<group>"; };
		3C6901F6271048ED00BF3C1C /* UINavigationController+Ext.swift */ = {isa = PBXFileReference; lastKnownFileType = sourcecode.swift; path = "UINavigationController+Ext.swift"; sourceTree = "<group>"; };
		71593317270C625400C4790F /* FoodPin.app */ = {isa = PBXFileReference; explicitFileType = wrapper.application; includeInIndex = 0; path = FoodPin.app; sourceTree = BUILT_PRODUCTS_DIR; };
		7159331A270C625400C4790F /* AppDelegate.swift */ = {isa = PBXFileReference; lastKnownFileType = sourcecode.swift; path = AppDelegate.swift; sourceTree = "<group>"; };
		7159331C270C625400C4790F /* SceneDelegate.swift */ = {isa = PBXFileReference; lastKnownFileType = sourcecode.swift; path = SceneDelegate.swift; sourceTree = "<group>"; };
		71593321270C625400C4790F /* Base */ = {isa = PBXFileReference; lastKnownFileType = file.storyboard; name = Base; path = Base.lproj/Main.storyboard; sourceTree = "<group>"; };
		71593323270C625700C4790F /* Assets.xcassets */ = {isa = PBXFileReference; lastKnownFileType = folder.assetcatalog; path = Assets.xcassets; sourceTree = "<group>"; };
		71593326270C625700C4790F /* Base */ = {isa = PBXFileReference; lastKnownFileType = file.storyboard; name = Base; path = Base.lproj/LaunchScreen.storyboard; sourceTree = "<group>"; };
		71593328270C625700C4790F /* Info.plist */ = {isa = PBXFileReference; lastKnownFileType = text.plist.xml; path = Info.plist; sourceTree = "<group>"; };
		7159332D270C625700C4790F /* FoodPinTests.xctest */ = {isa = PBXFileReference; explicitFileType = wrapper.cfbundle; includeInIndex = 0; path = FoodPinTests.xctest; sourceTree = BUILT_PRODUCTS_DIR; };
		71593331270C625700C4790F /* FoodPinTests.swift */ = {isa = PBXFileReference; lastKnownFileType = sourcecode.swift; path = FoodPinTests.swift; sourceTree = "<group>"; };
		71593337270C625700C4790F /* FoodPinUITests.xctest */ = {isa = PBXFileReference; explicitFileType = wrapper.cfbundle; includeInIndex = 0; path = FoodPinUITests.xctest; sourceTree = BUILT_PRODUCTS_DIR; };
		7159333B270C625700C4790F /* FoodPinUITests.swift */ = {isa = PBXFileReference; lastKnownFileType = sourcecode.swift; path = FoodPinUITests.swift; sourceTree = "<group>"; };
		7159333D270C625700C4790F /* FoodPinUITestsLaunchTests.swift */ = {isa = PBXFileReference; lastKnownFileType = sourcecode.swift; path = FoodPinUITestsLaunchTests.swift; sourceTree = "<group>"; };
		7159334A270C630E00C4790F /* RestaurantTableViewController.swift */ = {isa = PBXFileReference; lastKnownFileType = sourcecode.swift; path = RestaurantTableViewController.swift; sourceTree = "<group>"; };
		7159334C270C675700C4790F /* RestauranTableViewCell.swift */ = {isa = PBXFileReference; lastKnownFileType = sourcecode.swift; path = RestauranTableViewCell.swift; sourceTree = "<group>"; };
		7159334E270EE2D100C4790F /* RestaurantDetailViewController.swift */ = {isa = PBXFileReference; lastKnownFileType = sourcecode.swift; path = RestaurantDetailViewController.swift; sourceTree = "<group>"; };
		71593350270EE63900C4790F /* Restaurant.swift */ = {isa = PBXFileReference; lastKnownFileType = sourcecode.swift; path = Restaurant.swift; sourceTree = "<group>"; };
/* End PBXFileReference section */

/* Begin PBXFrameworksBuildPhase section */
		71593314270C625400C4790F /* Frameworks */ = {
			isa = PBXFrameworksBuildPhase;
			buildActionMask = 2147483647;
			files = (
			);
			runOnlyForDeploymentPostprocessing = 0;
		};
		7159332A270C625700C4790F /* Frameworks */ = {
			isa = PBXFrameworksBuildPhase;
			buildActionMask = 2147483647;
			files = (
			);
			runOnlyForDeploymentPostprocessing = 0;
		};
		71593334270C625700C4790F /* Frameworks */ = {
			isa = PBXFrameworksBuildPhase;
			buildActionMask = 2147483647;
			files = (
			);
			runOnlyForDeploymentPostprocessing = 0;
		};
/* End PBXFrameworksBuildPhase section */

/* Begin PBXGroup section */
		3C6901CE27102D8200BF3C1C /* Fonts */ = {
			isa = PBXGroup;
			children = (
				3C6901D027102DC100BF3C1C /* Rubik-Black.ttf */,
				3C6901D627102DC100BF3C1C /* Rubik-BlackItalic.ttf */,
				3C6901DA27102DC200BF3C1C /* Rubik-Bold.ttf */,
				3C6901DB27102DC200BF3C1C /* Rubik-BoldItalic.ttf */,
				3C6901D727102DC200BF3C1C /* Rubik-ExtraBold.ttf */,
				3C6901D327102DC100BF3C1C /* Rubik-ExtraBoldItalic.ttf */,
				3C6901D427102DC100BF3C1C /* Rubik-Italic.ttf */,
				3C6901D827102DC200BF3C1C /* Rubik-Light.ttf */,
				3C6901CF27102DC100BF3C1C /* Rubik-LightItalic.ttf */,
				3C6901DC27102DC200BF3C1C /* Rubik-Medium.ttf */,
				3C6901D527102DC100BF3C1C /* Rubik-MediumItalic.ttf */,
				3C6901D127102DC100BF3C1C /* Rubik-Regular.ttf */,
				3C6901D227102DC100BF3C1C /* Rubik-SemiBold.ttf */,
				3C6901D927102DC200BF3C1C /* Rubik-SemiBoldItalic.ttf */,
			);
			path = Fonts;
			sourceTree = "<group>";
		};
		3C6901F127103EBD00BF3C1C /* Resources */ = {
			isa = PBXGroup;
			children = (
				3C6901CE27102D8200BF3C1C /* Fonts */,
			);
			path = Resources;
			sourceTree = "<group>";
		};
		3C6901F227103F8400BF3C1C /* Storyboard */ = {
			isa = PBXGroup;
			children = (
				71593320270C625400C4790F /* Main.storyboard */,
				71593325270C625700C4790F /* LaunchScreen.storyboard */,
			);
			path = Storyboard;
			sourceTree = "<group>";
		};
		3C6901F32710474700BF3C1C /* Extensions */ = {
			isa = PBXGroup;
			children = (
				3C6901F42710478A00BF3C1C /* UIColor+Ext.swift */,
				3C6901F6271048ED00BF3C1C /* UINavigationController+Ext.swift */,
			);
			path = Extensions;
			sourceTree = "<group>";
		};
		7159330E270C625400C4790F = {
			isa = PBXGroup;
			children = (
				71593319270C625400C4790F /* FoodPin */,
				71593330270C625700C4790F /* FoodPinTests */,
				7159333A270C625700C4790F /* FoodPinUITests */,
				71593318270C625400C4790F /* Products */,
			);
			sourceTree = "<group>";
		};
		71593318270C625400C4790F /* Products */ = {
			isa = PBXGroup;
			children = (
				71593317270C625400C4790F /* FoodPin.app */,
				7159332D270C625700C4790F /* FoodPinTests.xctest */,
				71593337270C625700C4790F /* FoodPinUITests.xctest */,
			);
			name = Products;
			sourceTree = "<group>";
		};
		71593319270C625400C4790F /* FoodPin */ = {
			isa = PBXGroup;
			children = (
				3C6901F32710474700BF3C1C /* Extensions */,
				3C6901F227103F8400BF3C1C /* Storyboard */,
				3C6901F127103EBD00BF3C1C /* Resources */,
				71593354270F039F00C4790F /* View */,
				71593353270F039200C4790F /* Model */,
				71593352270F037B00C4790F /* Controller */,
				7159331A270C625400C4790F /* AppDelegate.swift */,
				7159331C270C625400C4790F /* SceneDelegate.swift */,
				71593323270C625700C4790F /* Assets.xcassets */,
				71593328270C625700C4790F /* Info.plist */,
			);
			path = FoodPin;
			sourceTree = "<group>";
		};
		71593330270C625700C4790F /* FoodPinTests */ = {
			isa = PBXGroup;
			children = (
				71593331270C625700C4790F /* FoodPinTests.swift */,
			);
			path = FoodPinTests;
			sourceTree = "<group>";
		};
		7159333A270C625700C4790F /* FoodPinUITests */ = {
			isa = PBXGroup;
			children = (
				7159333B270C625700C4790F /* FoodPinUITests.swift */,
				7159333D270C625700C4790F /* FoodPinUITestsLaunchTests.swift */,
			);
			path = FoodPinUITests;
			sourceTree = "<group>";
		};
		71593352270F037B00C4790F /* Controller */ = {
			isa = PBXGroup;
			children = (
				7159334A270C630E00C4790F /* RestaurantTableViewController.swift */,
				7159334E270EE2D100C4790F /* RestaurantDetailViewController.swift */,
			);
			path = Controller;
			sourceTree = "<group>";
		};
		71593353270F039200C4790F /* Model */ = {
			isa = PBXGroup;
			children = (
				71593350270EE63900C4790F /* Restaurant.swift */,
			);
			path = Model;
			sourceTree = "<group>";
		};
		71593354270F039F00C4790F /* View */ = {
			isa = PBXGroup;
			children = (
				7159334C270C675700C4790F /* RestauranTableViewCell.swift */,
				3C6901EB2710345100BF3C1C /* RestaurantDetailHeaderView.swift */,
				3C6901ED2710394100BF3C1C /* RestaurantDetailIconTextCell.swift */,
				3C6901EF271039C900BF3C1C /* RestaurantDetailTextCell.swift */,
			);
			path = View;
			sourceTree = "<group>";
		};
/* End PBXGroup section */

/* Begin PBXNativeTarget section */
		71593316270C625400C4790F /* FoodPin */ = {
			isa = PBXNativeTarget;
			buildConfigurationList = 71593341270C625700C4790F /* Build configuration list for PBXNativeTarget "FoodPin" */;
			buildPhases = (
				71593313270C625400C4790F /* Sources */,
				71593314270C625400C4790F /* Frameworks */,
				71593315270C625400C4790F /* Resources */,
			);
			buildRules = (
			);
			dependencies = (
			);
			name = FoodPin;
			productName = FoodPin;
			productReference = 71593317270C625400C4790F /* FoodPin.app */;
			productType = "com.apple.product-type.application";
		};
		7159332C270C625700C4790F /* FoodPinTests */ = {
			isa = PBXNativeTarget;
			buildConfigurationList = 71593344270C625700C4790F /* Build configuration list for PBXNativeTarget "FoodPinTests" */;
			buildPhases = (
				71593329270C625700C4790F /* Sources */,
				7159332A270C625700C4790F /* Frameworks */,
				7159332B270C625700C4790F /* Resources */,
			);
			buildRules = (
			);
			dependencies = (
				7159332F270C625700C4790F /* PBXTargetDependency */,
			);
			name = FoodPinTests;
			productName = FoodPinTests;
			productReference = 7159332D270C625700C4790F /* FoodPinTests.xctest */;
			productType = "com.apple.product-type.bundle.unit-test";
		};
		71593336270C625700C4790F /* FoodPinUITests */ = {
			isa = PBXNativeTarget;
			buildConfigurationList = 71593347270C625700C4790F /* Build configuration list for PBXNativeTarget "FoodPinUITests" */;
			buildPhases = (
				71593333270C625700C4790F /* Sources */,
				71593334270C625700C4790F /* Frameworks */,
				71593335270C625700C4790F /* Resources */,
			);
			buildRules = (
			);
			dependencies = (
				71593339270C625700C4790F /* PBXTargetDependency */,
			);
			name = FoodPinUITests;
			productName = FoodPinUITests;
			productReference = 71593337270C625700C4790F /* FoodPinUITests.xctest */;
			productType = "com.apple.product-type.bundle.ui-testing";
		};
/* End PBXNativeTarget section */

/* Begin PBXProject section */
		7159330F270C625400C4790F /* Project object */ = {
			isa = PBXProject;
			attributes = {
				BuildIndependentTargetsInParallel = 1;
				LastSwiftUpdateCheck = 1300;
				LastUpgradeCheck = 1300;
				TargetAttributes = {
					71593316270C625400C4790F = {
						CreatedOnToolsVersion = 13.0;
					};
					7159332C270C625700C4790F = {
						CreatedOnToolsVersion = 13.0;
						TestTargetID = 71593316270C625400C4790F;
					};
					71593336270C625700C4790F = {
						CreatedOnToolsVersion = 13.0;
						TestTargetID = 71593316270C625400C4790F;
					};
				};
			};
			buildConfigurationList = 71593312270C625400C4790F /* Build configuration list for PBXProject "FoodPin" */;
			compatibilityVersion = "Xcode 13.0";
			developmentRegion = en;
			hasScannedForEncodings = 0;
			knownRegions = (
				en,
				Base,
			);
			mainGroup = 7159330E270C625400C4790F;
			productRefGroup = 71593318270C625400C4790F /* Products */;
			projectDirPath = "";
			projectRoot = "";
			targets = (
				71593316270C625400C4790F /* FoodPin */,
				7159332C270C625700C4790F /* FoodPinTests */,
				71593336270C625700C4790F /* FoodPinUITests */,
			);
		};
/* End PBXProject section */

/* Begin PBXResourcesBuildPhase section */
		71593315270C625400C4790F /* Resources */ = {
			isa = PBXResourcesBuildPhase;
			buildActionMask = 2147483647;
			files = (
				71593327270C625700C4790F /* LaunchScreen.storyboard in Resources */,
				3C6901E927102DC200BF3C1C /* Rubik-BoldItalic.ttf in Resources */,
				3C6901DF27102DC200BF3C1C /* Rubik-Regular.ttf in Resources */,
				3C6901E127102DC200BF3C1C /* Rubik-ExtraBoldItalic.ttf in Resources */,
				3C6901E627102DC200BF3C1C /* Rubik-Light.ttf in Resources */,
				3C6901E827102DC200BF3C1C /* Rubik-Bold.ttf in Resources */,
				3C6901DD27102DC200BF3C1C /* Rubik-LightItalic.ttf in Resources */,
				3C6901EA27102DC200BF3C1C /* Rubik-Medium.ttf in Resources */,
				71593324270C625700C4790F /* Assets.xcassets in Resources */,
				3C6901E427102DC200BF3C1C /* Rubik-BlackItalic.ttf in Resources */,
				3C6901E227102DC200BF3C1C /* Rubik-Italic.ttf in Resources */,
				3C6901DE27102DC200BF3C1C /* Rubik-Black.ttf in Resources */,
				3C6901E327102DC200BF3C1C /* Rubik-MediumItalic.ttf in Resources */,
				71593322270C625400C4790F /* Main.storyboard in Resources */,
				3C6901E527102DC200BF3C1C /* Rubik-ExtraBold.ttf in Resources */,
				3C6901E027102DC200BF3C1C /* Rubik-SemiBold.ttf in Resources */,
				3C6901E727102DC200BF3C1C /* Rubik-SemiBoldItalic.ttf in Resources */,
			);
			runOnlyForDeploymentPostprocessing = 0;
		};
		7159332B270C625700C4790F /* Resources */ = {
			isa = PBXResourcesBuildPhase;
			buildActionMask = 2147483647;
			files = (
			);
			runOnlyForDeploymentPostprocessing = 0;
		};
		71593335270C625700C4790F /* Resources */ = {
			isa = PBXResourcesBuildPhase;
			buildActionMask = 2147483647;
			files = (
			);
			runOnlyForDeploymentPostprocessing = 0;
		};
/* End PBXResourcesBuildPhase section */

/* Begin PBXSourcesBuildPhase section */
		71593313270C625400C4790F /* Sources */ = {
			isa = PBXSourcesBuildPhase;
			buildActionMask = 2147483647;
			files = (
				3C6901F7271048ED00BF3C1C /* UINavigationController+Ext.swift in Sources */,
				7159331B270C625400C4790F /* AppDelegate.swift in Sources */,
				3C6901F0271039C900BF3C1C /* RestaurantDetailTextCell.swift in Sources */,
				7159334B270C630E00C4790F /* RestaurantTableViewController.swift in Sources */,
				71593351270EE63900C4790F /* Restaurant.swift in Sources */,
				3C6901EE2710394100BF3C1C /* RestaurantDetailIconTextCell.swift in Sources */,
				3C6901EC2710345100BF3C1C /* RestaurantDetailHeaderView.swift in Sources */,
				7159334F270EE2D100C4790F /* RestaurantDetailViewController.swift in Sources */,
				3C6901F52710478A00BF3C1C /* UIColor+Ext.swift in Sources */,
				7159331D270C625400C4790F /* SceneDelegate.swift in Sources */,
				7159334D270C675700C4790F /* RestauranTableViewCell.swift in Sources */,
			);
			runOnlyForDeploymentPostprocessing = 0;
		};
		71593329270C625700C4790F /* Sources */ = {
			isa = PBXSourcesBuildPhase;
			buildActionMask = 2147483647;
			files = (
				71593332270C625700C4790F /* FoodPinTests.swift in Sources */,
			);
			runOnlyForDeploymentPostprocessing = 0;
		};
		71593333270C625700C4790F /* Sources */ = {
			isa = PBXSourcesBuildPhase;
			buildActionMask = 2147483647;
			files = (
				7159333E270C625700C4790F /* FoodPinUITestsLaunchTests.swift in Sources */,
				7159333C270C625700C4790F /* FoodPinUITests.swift in Sources */,
			);
			runOnlyForDeploymentPostprocessing = 0;
		};
/* End PBXSourcesBuildPhase section */

/* Begin PBXTargetDependency section */
		7159332F270C625700C4790F /* PBXTargetDependency */ = {
			isa = PBXTargetDependency;
			target = 71593316270C625400C4790F /* FoodPin */;
			targetProxy = 7159332E270C625700C4790F /* PBXContainerItemProxy */;
		};
		71593339270C625700C4790F /* PBXTargetDependency */ = {
			isa = PBXTargetDependency;
			target = 71593316270C625400C4790F /* FoodPin */;
			targetProxy = 71593338270C625700C4790F /* PBXContainerItemProxy */;
		};
/* End PBXTargetDependency section */

/* Begin PBXVariantGroup section */
		71593320270C625400C4790F /* Main.storyboard */ = {
			isa = PBXVariantGroup;
			children = (
				71593321270C625400C4790F /* Base */,
			);
			name = Main.storyboard;
			sourceTree = "<group>";
		};
		71593325270C625700C4790F /* LaunchScreen.storyboard */ = {
			isa = PBXVariantGroup;
			children = (
				71593326270C625700C4790F /* Base */,
			);
			name = LaunchScreen.storyboard;
			sourceTree = "<group>";
		};
/* End PBXVariantGroup section */

/* Begin XCBuildConfiguration section */
		7159333F270C625700C4790F /* Debug */ = {
			isa = XCBuildConfiguration;
			buildSettings = {
				ALWAYS_SEARCH_USER_PATHS = NO;
				CLANG_ANALYZER_NONNULL = YES;
				CLANG_ANALYZER_NUMBER_OBJECT_CONVERSION = YES_AGGRESSIVE;
				CLANG_CXX_LANGUAGE_STANDARD = "gnu++17";
				CLANG_CXX_LIBRARY = "libc++";
				CLANG_ENABLE_MODULES = YES;
				CLANG_ENABLE_OBJC_ARC = YES;
				CLANG_ENABLE_OBJC_WEAK = YES;
				CLANG_WARN_BLOCK_CAPTURE_AUTORELEASING = YES;
				CLANG_WARN_BOOL_CONVERSION = YES;
				CLANG_WARN_COMMA = YES;
				CLANG_WARN_CONSTANT_CONVERSION = YES;
				CLANG_WARN_DEPRECATED_OBJC_IMPLEMENTATIONS = YES;
				CLANG_WARN_DIRECT_OBJC_ISA_USAGE = YES_ERROR;
				CLANG_WARN_DOCUMENTATION_COMMENTS = YES;
				CLANG_WARN_EMPTY_BODY = YES;
				CLANG_WARN_ENUM_CONVERSION = YES;
				CLANG_WARN_INFINITE_RECURSION = YES;
				CLANG_WARN_INT_CONVERSION = YES;
				CLANG_WARN_NON_LITERAL_NULL_CONVERSION = YES;
				CLANG_WARN_OBJC_IMPLICIT_RETAIN_SELF = YES;
				CLANG_WARN_OBJC_LITERAL_CONVERSION = YES;
				CLANG_WARN_OBJC_ROOT_CLASS = YES_ERROR;
				CLANG_WARN_QUOTED_INCLUDE_IN_FRAMEWORK_HEADER = YES;
				CLANG_WARN_RANGE_LOOP_ANALYSIS = YES;
				CLANG_WARN_STRICT_PROTOTYPES = YES;
				CLANG_WARN_SUSPICIOUS_MOVE = YES;
				CLANG_WARN_UNGUARDED_AVAILABILITY = YES_AGGRESSIVE;
				CLANG_WARN_UNREACHABLE_CODE = YES;
				CLANG_WARN__DUPLICATE_METHOD_MATCH = YES;
				COPY_PHASE_STRIP = NO;
				DEBUG_INFORMATION_FORMAT = dwarf;
				ENABLE_STRICT_OBJC_MSGSEND = YES;
				ENABLE_TESTABILITY = YES;
				GCC_C_LANGUAGE_STANDARD = gnu11;
				GCC_DYNAMIC_NO_PIC = NO;
				GCC_NO_COMMON_BLOCKS = YES;
				GCC_OPTIMIZATION_LEVEL = 0;
				GCC_PREPROCESSOR_DEFINITIONS = (
					"DEBUG=1",
					"$(inherited)",
				);
				GCC_WARN_64_TO_32_BIT_CONVERSION = YES;
				GCC_WARN_ABOUT_RETURN_TYPE = YES_ERROR;
				GCC_WARN_UNDECLARED_SELECTOR = YES;
				GCC_WARN_UNINITIALIZED_AUTOS = YES_AGGRESSIVE;
				GCC_WARN_UNUSED_FUNCTION = YES;
				GCC_WARN_UNUSED_VARIABLE = YES;
				IPHONEOS_DEPLOYMENT_TARGET = 15.0;
				MTL_ENABLE_DEBUG_INFO = INCLUDE_SOURCE;
				MTL_FAST_MATH = YES;
				ONLY_ACTIVE_ARCH = YES;
				SDKROOT = iphoneos;
				SWIFT_ACTIVE_COMPILATION_CONDITIONS = DEBUG;
				SWIFT_OPTIMIZATION_LEVEL = "-Onone";
			};
			name = Debug;
		};
		71593340270C625700C4790F /* Release */ = {
			isa = XCBuildConfiguration;
			buildSettings = {
				ALWAYS_SEARCH_USER_PATHS = NO;
				CLANG_ANALYZER_NONNULL = YES;
				CLANG_ANALYZER_NUMBER_OBJECT_CONVERSION = YES_AGGRESSIVE;
				CLANG_CXX_LANGUAGE_STANDARD = "gnu++17";
				CLANG_CXX_LIBRARY = "libc++";
				CLANG_ENABLE_MODULES = YES;
				CLANG_ENABLE_OBJC_ARC = YES;
				CLANG_ENABLE_OBJC_WEAK = YES;
				CLANG_WARN_BLOCK_CAPTURE_AUTORELEASING = YES;
				CLANG_WARN_BOOL_CONVERSION = YES;
				CLANG_WARN_COMMA = YES;
				CLANG_WARN_CONSTANT_CONVERSION = YES;
				CLANG_WARN_DEPRECATED_OBJC_IMPLEMENTATIONS = YES;
				CLANG_WARN_DIRECT_OBJC_ISA_USAGE = YES_ERROR;
				CLANG_WARN_DOCUMENTATION_COMMENTS = YES;
				CLANG_WARN_EMPTY_BODY = YES;
				CLANG_WARN_ENUM_CONVERSION = YES;
				CLANG_WARN_INFINITE_RECURSION = YES;
				CLANG_WARN_INT_CONVERSION = YES;
				CLANG_WARN_NON_LITERAL_NULL_CONVERSION = YES;
				CLANG_WARN_OBJC_IMPLICIT_RETAIN_SELF = YES;
				CLANG_WARN_OBJC_LITERAL_CONVERSION = YES;
				CLANG_WARN_OBJC_ROOT_CLASS = YES_ERROR;
				CLANG_WARN_QUOTED_INCLUDE_IN_FRAMEWORK_HEADER = YES;
				CLANG_WARN_RANGE_LOOP_ANALYSIS = YES;
				CLANG_WARN_STRICT_PROTOTYPES = YES;
				CLANG_WARN_SUSPICIOUS_MOVE = YES;
				CLANG_WARN_UNGUARDED_AVAILABILITY = YES_AGGRESSIVE;
				CLANG_WARN_UNREACHABLE_CODE = YES;
				CLANG_WARN__DUPLICATE_METHOD_MATCH = YES;
				COPY_PHASE_STRIP = NO;
				DEBUG_INFORMATION_FORMAT = "dwarf-with-dsym";
				ENABLE_NS_ASSERTIONS = NO;
				ENABLE_STRICT_OBJC_MSGSEND = YES;
				GCC_C_LANGUAGE_STANDARD = gnu11;
				GCC_NO_COMMON_BLOCKS = YES;
				GCC_WARN_64_TO_32_BIT_CONVERSION = YES;
				GCC_WARN_ABOUT_RETURN_TYPE = YES_ERROR;
				GCC_WARN_UNDECLARED_SELECTOR = YES;
				GCC_WARN_UNINITIALIZED_AUTOS = YES_AGGRESSIVE;
				GCC_WARN_UNUSED_FUNCTION = YES;
				GCC_WARN_UNUSED_VARIABLE = YES;
				IPHONEOS_DEPLOYMENT_TARGET = 15.0;
				MTL_ENABLE_DEBUG_INFO = NO;
				MTL_FAST_MATH = YES;
				SDKROOT = iphoneos;
				SWIFT_COMPILATION_MODE = wholemodule;
				SWIFT_OPTIMIZATION_LEVEL = "-O";
				VALIDATE_PRODUCT = YES;
			};
			name = Release;
		};
		71593342270C625700C4790F /* Debug */ = {
			isa = XCBuildConfiguration;
			buildSettings = {
				ASSETCATALOG_COMPILER_APPICON_NAME = AppIcon;
				ASSETCATALOG_COMPILER_GLOBAL_ACCENT_COLOR_NAME = AccentColor;
				CODE_SIGN_STYLE = Automatic;
				CURRENT_PROJECT_VERSION = 1;
				DEVELOPMENT_TEAM = BMJKN32C4L;
				GENERATE_INFOPLIST_FILE = YES;
				INFOPLIST_FILE = FoodPin/Info.plist;
				INFOPLIST_KEY_UIApplicationSupportsIndirectInputEvents = YES;
				INFOPLIST_KEY_UILaunchStoryboardName = LaunchScreen;
				INFOPLIST_KEY_UIMainStoryboardFile = Main;
				INFOPLIST_KEY_UISupportedInterfaceOrientations_iPad = "UIInterfaceOrientationPortrait UIInterfaceOrientationPortraitUpsideDown UIInterfaceOrientationLandscapeLeft UIInterfaceOrientationLandscapeRight";
				INFOPLIST_KEY_UISupportedInterfaceOrientations_iPhone = "UIInterfaceOrientationPortrait UIInterfaceOrientationLandscapeLeft UIInterfaceOrientationLandscapeRight";
				LD_RUNPATH_SEARCH_PATHS = (
					"$(inherited)",
					"@executable_path/Frameworks",
				);
				MARKETING_VERSION = 1.0;
				PRODUCT_BUNDLE_IDENTIFIER = com.ray.www.FoodPin;
				PRODUCT_NAME = "$(TARGET_NAME)";
				SWIFT_EMIT_LOC_STRINGS = YES;
				SWIFT_VERSION = 5.0;
				TARGETED_DEVICE_FAMILY = "1,2";
			};
			name = Debug;
		};
		71593343270C625700C4790F /* Release */ = {
			isa = XCBuildConfiguration;
			buildSettings = {
				ASSETCATALOG_COMPILER_APPICON_NAME = AppIcon;
				ASSETCATALOG_COMPILER_GLOBAL_ACCENT_COLOR_NAME = AccentColor;
				CODE_SIGN_STYLE = Automatic;
				CURRENT_PROJECT_VERSION = 1;
				DEVELOPMENT_TEAM = BMJKN32C4L;
				GENERATE_INFOPLIST_FILE = YES;
				INFOPLIST_FILE = FoodPin/Info.plist;
				INFOPLIST_KEY_UIApplicationSupportsIndirectInputEvents = YES;
				INFOPLIST_KEY_UILaunchStoryboardName = LaunchScreen;
				INFOPLIST_KEY_UIMainStoryboardFile = Main;
				INFOPLIST_KEY_UISupportedInterfaceOrientations_iPad = "UIInterfaceOrientationPortrait UIInterfaceOrientationPortraitUpsideDown UIInterfaceOrientationLandscapeLeft UIInterfaceOrientationLandscapeRight";
				INFOPLIST_KEY_UISupportedInterfaceOrientations_iPhone = "UIInterfaceOrientationPortrait UIInterfaceOrientationLandscapeLeft UIInterfaceOrientationLandscapeRight";
				LD_RUNPATH_SEARCH_PATHS = (
					"$(inherited)",
					"@executable_path/Frameworks",
				);
				MARKETING_VERSION = 1.0;
				PRODUCT_BUNDLE_IDENTIFIER = com.ray.www.FoodPin;
				PRODUCT_NAME = "$(TARGET_NAME)";
				SWIFT_EMIT_LOC_STRINGS = YES;
				SWIFT_VERSION = 5.0;
				TARGETED_DEVICE_FAMILY = "1,2";
			};
			name = Release;
		};
		71593345270C625700C4790F /* Debug */ = {
			isa = XCBuildConfiguration;
			buildSettings = {
				ALWAYS_EMBED_SWIFT_STANDARD_LIBRARIES = YES;
				BUNDLE_LOADER = "$(TEST_HOST)";
				CODE_SIGN_STYLE = Automatic;
				CURRENT_PROJECT_VERSION = 1;
				DEVELOPMENT_TEAM = 7K2WJ2W842;
				GENERATE_INFOPLIST_FILE = YES;
				IPHONEOS_DEPLOYMENT_TARGET = 15.0;
				LD_RUNPATH_SEARCH_PATHS = (
					"$(inherited)",
					"@executable_path/Frameworks",
					"@loader_path/Frameworks",
				);
				MARKETING_VERSION = 1.0;
				PRODUCT_BUNDLE_IDENTIFIER = com.ray.www.FoodPinTests;
				PRODUCT_NAME = "$(TARGET_NAME)";
				SWIFT_EMIT_LOC_STRINGS = NO;
				SWIFT_VERSION = 5.0;
				TARGETED_DEVICE_FAMILY = "1,2";
				TEST_HOST = "$(BUILT_PRODUCTS_DIR)/FoodPin.app/FoodPin";
			};
			name = Debug;
		};
		71593346270C625700C4790F /* Release */ = {
			isa = XCBuildConfiguration;
			buildSettings = {
				ALWAYS_EMBED_SWIFT_STANDARD_LIBRARIES = YES;
				BUNDLE_LOADER = "$(TEST_HOST)";
				CODE_SIGN_STYLE = Automatic;
				CURRENT_PROJECT_VERSION = 1;
				DEVELOPMENT_TEAM = 7K2WJ2W842;
				GENERATE_INFOPLIST_FILE = YES;
				IPHONEOS_DEPLOYMENT_TARGET = 15.0;
				LD_RUNPATH_SEARCH_PATHS = (
					"$(inherited)",
					"@executable_path/Frameworks",
					"@loader_path/Frameworks",
				);
				MARKETING_VERSION = 1.0;
				PRODUCT_BUNDLE_IDENTIFIER = com.ray.www.FoodPinTests;
				PRODUCT_NAME = "$(TARGET_NAME)";
				SWIFT_EMIT_LOC_STRINGS = NO;
				SWIFT_VERSION = 5.0;
				TARGETED_DEVICE_FAMILY = "1,2";
				TEST_HOST = "$(BUILT_PRODUCTS_DIR)/FoodPin.app/FoodPin";
			};
			name = Release;
		};
		71593348270C625700C4790F /* Debug */ = {
			isa = XCBuildConfiguration;
			buildSettings = {
				ALWAYS_EMBED_SWIFT_STANDARD_LIBRARIES = YES;
				CODE_SIGN_STYLE = Automatic;
				CURRENT_PROJECT_VERSION = 1;
				DEVELOPMENT_TEAM = 7K2WJ2W842;
				GENERATE_INFOPLIST_FILE = YES;
				LD_RUNPATH_SEARCH_PATHS = (
					"$(inherited)",
					"@executable_path/Frameworks",
					"@loader_path/Frameworks",
				);
				MARKETING_VERSION = 1.0;
				PRODUCT_BUNDLE_IDENTIFIER = com.ray.www.FoodPinUITests;
				PRODUCT_NAME = "$(TARGET_NAME)";
				SWIFT_EMIT_LOC_STRINGS = NO;
				SWIFT_VERSION = 5.0;
				TARGETED_DEVICE_FAMILY = "1,2";
				TEST_TARGET_NAME = FoodPin;
			};
			name = Debug;
		};
		71593349270C625700C4790F /* Release */ = {
			isa = XCBuildConfiguration;
			buildSettings = {
				ALWAYS_EMBED_SWIFT_STANDARD_LIBRARIES = YES;
				CODE_SIGN_STYLE = Automatic;
				CURRENT_PROJECT_VERSION = 1;
				DEVELOPMENT_TEAM = 7K2WJ2W842;
				GENERATE_INFOPLIST_FILE = YES;
				LD_RUNPATH_SEARCH_PATHS = (
					"$(inherited)",
					"@executable_path/Frameworks",
					"@loader_path/Frameworks",
				);
				MARKETING_VERSION = 1.0;
				PRODUCT_BUNDLE_IDENTIFIER = com.ray.www.FoodPinUITests;
				PRODUCT_NAME = "$(TARGET_NAME)";
				SWIFT_EMIT_LOC_STRINGS = NO;
				SWIFT_VERSION = 5.0;
				TARGETED_DEVICE_FAMILY = "1,2";
				TEST_TARGET_NAME = FoodPin;
			};
			name = Release;
		};
/* End XCBuildConfiguration section */

/* Begin XCConfigurationList section */
		71593312270C625400C4790F /* Build configuration list for PBXProject "FoodPin" */ = {
			isa = XCConfigurationList;
			buildConfigurations = (
				7159333F270C625700C4790F /* Debug */,
				71593340270C625700C4790F /* Release */,
			);
			defaultConfigurationIsVisible = 0;
			defaultConfigurationName = Release;
		};
		71593341270C625700C4790F /* Build configuration list for PBXNativeTarget "FoodPin" */ = {
			isa = XCConfigurationList;
			buildConfigurations = (
				71593342270C625700C4790F /* Debug */,
				71593343270C625700C4790F /* Release */,
			);
			defaultConfigurationIsVisible = 0;
			defaultConfigurationName = Release;
		};
		71593344270C625700C4790F /* Build configuration list for PBXNativeTarget "FoodPinTests" */ = {
			isa = XCConfigurationList;
			buildConfigurations = (
				71593345270C625700C4790F /* Debug */,
				71593346270C625700C4790F /* Release */,
			);
			defaultConfigurationIsVisible = 0;
			defaultConfigurationName = Release;
		};
		71593347270C625700C4790F /* Build configuration list for PBXNativeTarget "FoodPinUITests" */ = {
			isa = XCConfigurationList;
			buildConfigurations = (
				71593348270C625700C4790F /* Debug */,
				71593349270C625700C4790F /* Release */,
			);
			defaultConfigurationIsVisible = 0;
			defaultConfigurationName = Release;
		};
/* End XCConfigurationList section */
	};
	rootObject = 7159330F270C625400C4790F /* Project object */;
}
